
Microsoft Visual Studio Solution File, Format Version 12.00
# Visual Studio Version 16
VisualStudioVersion = 16.0.29613.14
MinimumVisualStudioVersion = 10.0.40219.1
Project("{9A19103F-16F7-4668-BE54-9A1E7A4F7556}") = "FontsFontsFonts", "FontsFontsFonts\FontsFontsFonts.csproj", "{86A76829-5104-4CCC-80BF-D2FFFE7A3AFD}"
EndProject
Project("{2150E333-8FDC-42A3-9474-1A3956D46DE8}") = "Solution Items", "Solution Items", "{F1FFB7A1-4378-45CF-9C27-C597429DFF28}"
	ProjectSection(SolutionItems) = preProject
		.gitignore = .gitignore
		Readme.md = Readme.md
	EndProjectSection
VisualStudioVersion = 16.0.29215.179
MinimumVisualStudioVersion = 10.0.40219.1
Project("{FAE04EC0-301F-11D3-BF4B-00C04F79EFBC}") = "FontsFontsFonts", "FontsFontsFonts\FontsFontsFonts.csproj", "{DC9AA2F4-2281-40B1-BF86-6F4556370455}"
EndProject
Project("{2150E333-8FDC-42A3-9474-1A3956D46DE8}") = "Solution Items", "Solution Items", "{3A14490A-2708-407B-905B-1CC3F7CA6217}"
	ProjectSection(SolutionItems) = preProject
		.gitignore = .gitignore
	EndProjectSection
EndProject
Global
	GlobalSection(SolutionConfigurationPlatforms) = preSolution
		Debug|Any CPU = Debug|Any CPU
		Release|Any CPU = Release|Any CPU
	EndGlobalSection
	GlobalSection(ProjectConfigurationPlatforms) = postSolution
		{86A76829-5104-4CCC-80BF-D2FFFE7A3AFD}.Debug|Any CPU.ActiveCfg = Debug|Any CPU
		{86A76829-5104-4CCC-80BF-D2FFFE7A3AFD}.Debug|Any CPU.Build.0 = Debug|Any CPU
		{86A76829-5104-4CCC-80BF-D2FFFE7A3AFD}.Release|Any CPU.ActiveCfg = Release|Any CPU
		{86A76829-5104-4CCC-80BF-D2FFFE7A3AFD}.Release|Any CPU.Build.0 = Release|Any CPU
	EndGlobalSection
	GlobalSection(SolutionProperties) = preSolution
		HideSolutionNode = FALSE
	EndGlobalSection
	GlobalSection(ExtensibilityGlobals) = postSolution
		SolutionGuid = {D66D5D25-01F2-40AE-B451-3EEC8DAC85EB}
		SolutionGuid = {04B1C55F-76E4-4FBA-83F6-6F0ACFC732BE}
	EndGlobalSection
EndGlobal
